
Microsoft Visual Studio Solution File, Format Version 12.00
# Visual Studio Version 17
VisualStudioVersion = 17.14.36202.13 d17.14
MinimumVisualStudioVersion = 10.0.40219.1
Project("{FAE04EC0-301F-11D3-BF4B-00C04F79EFBC}") = "Group5_SWD392_SE1841", "Group5_SWD392_SE1841\Group5_SWD392_SE1841.csproj", "{D839B286-3D14-461F-82E8-23FBC6742865}"
EndProject
Global
	GlobalSection(SolutionConfigurationPlatforms) = preSolution
		Debug|Any CPU = Debug|Any CPU
		Release|Any CPU = Release|Any CPU
	EndGlobalSection
	GlobalSection(ProjectConfigurationPlatforms) = postSolution
		{D839B286-3D14-461F-82E8-23FBC6742865}.Debug|Any CPU.ActiveCfg = Debug|Any CPU
		{D839B286-3D14-461F-82E8-23FBC6742865}.Debug|Any CPU.Build.0 = Debug|Any CPU
		{D839B286-3D14-461F-82E8-23FBC6742865}.Release|Any CPU.ActiveCfg = Release|Any CPU
		{D839B286-3D14-461F-82E8-23FBC6742865}.Release|Any CPU.Build.0 = Release|Any CPU
	EndGlobalSection
	GlobalSection(SolutionProperties) = preSolution
		HideSolutionNode = FALSE
	EndGlobalSection
	GlobalSection(ExtensibilityGlobals) = postSolution
		SolutionGuid = {6CEC1184-D4B8-4BA8-BEDB-209877372C7A}
	EndGlobalSection
EndGlobal
